
Microsoft Visual Studio Solution File, Format Version 12.00
# Visual Studio Version 17
VisualStudioVersion = 17.14.36930.0 d17.14
MinimumVisualStudioVersion = 10.0.40219.1
Project("{FAE04EC0-301F-11D3-BF4B-00C04F79EFBC}") = "Interface_examples", "Interface_examples\Interface_examples.csproj", "{D9C8CA72-9C11-4C1A-A09C-BBFB683198DD}"
EndProject
Global
	GlobalSection(SolutionConfigurationPlatforms) = preSolution
		Debug|Any CPU = Debug|Any CPU
		Release|Any CPU = Release|Any CPU
	EndGlobalSection
	GlobalSection(ProjectConfigurationPlatforms) = postSolution
		{D9C8CA72-9C11-4C1A-A09C-BBFB683198DD}.Debug|Any CPU.ActiveCfg = Debug|Any CPU
		{D9C8CA72-9C11-4C1A-A09C-BBFB683198DD}.Debug|Any CPU.Build.0 = Debug|Any CPU
		{D9C8CA72-9C11-4C1A-A09C-BBFB683198DD}.Release|Any CPU.ActiveCfg = Release|Any CPU
		{D9C8CA72-9C11-4C1A-A09C-BBFB683198DD}.Release|Any CPU.Build.0 = Release|Any CPU
	EndGlobalSection
	GlobalSection(SolutionProperties) = preSolution
		HideSolutionNode = FALSE
	EndGlobalSection
	GlobalSection(ExtensibilityGlobals) = postSolution
		SolutionGuid = {A6574FF9-6460-4377-85D9-96A8004B4620}
	EndGlobalSection
EndGlobal
